// !$*UTF8*$!
{
	archiveVersion = 1;
	classes = {
	};
	objectVersion = 50;
	objects = {

/* Begin PBXBuildFile section */
		4462339725DD67F800ACB638 /* AppDelegate.swift in Sources */ = {isa = PBXBuildFile; fileRef = 4462339625DD67F800ACB638 /* AppDelegate.swift */; };
		4462339925DD67F800ACB638 /* SceneDelegate.swift in Sources */ = {isa = PBXBuildFile; fileRef = 4462339825DD67F800ACB638 /* SceneDelegate.swift */; };
		4462339B25DD67F800ACB638 /* ViewController.swift in Sources */ = {isa = PBXBuildFile; fileRef = 4462339A25DD67F800ACB638 /* ViewController.swift */; };
		4462339E25DD67F800ACB638 /* Main.storyboard in Resources */ = {isa = PBXBuildFile; fileRef = 4462339C25DD67F800ACB638 /* Main.storyboard */; };
		446233A025DD67F900ACB638 /* Assets.xcassets in Resources */ = {isa = PBXBuildFile; fileRef = 4462339F25DD67F900ACB638 /* Assets.xcassets */; };
		446233A325DD67F900ACB638 /* LaunchScreen.storyboard in Resources */ = {isa = PBXBuildFile; fileRef = 446233A125DD67F900ACB638 /* LaunchScreen.storyboard */; };
		446233AE25DD67F900ACB638 /* Hello_WorldTests.swift in Sources */ = {isa = PBXBuildFile; fileRef = 446233AD25DD67F900ACB638 /* Hello_WorldTests.swift */; };
		446233B925DD67F900ACB638 /* Hello_WorldUITests.swift in Sources */ = {isa = PBXBuildFile; fileRef = 446233B825DD67F900ACB638 /* Hello_WorldUITests.swift */; };
/* End PBXBuildFile section */

/* Begin PBXContainerItemProxy section */
		446233AA25DD67F900ACB638 /* PBXContainerItemProxy */ = {
			isa = PBXContainerItemProxy;
			containerPortal = 4462338B25DD67F800ACB638 /* Project object */;
			proxyType = 1;
			remoteGlobalIDString = 4462339225DD67F800ACB638;
			remoteInfo = "Hello World";
		};
		446233B525DD67F900ACB638 /* PBXContainerItemProxy */ = {
			isa = PBXContainerItemProxy;
			containerPortal = 4462338B25DD67F800ACB638 /* Project object */;
			proxyType = 1;
			remoteGlobalIDString = 4462339225DD67F800ACB638;
			remoteInfo = "Hello World";
		};
/* End PBXContainerItemProxy section */

/* Begin PBXFileReference section */
		4462339325DD67F800ACB638 /* Hello World.app */ = {isa = PBXFileReference; explicitFileType = wrapper.application; includeInIndex = 0; path = "Hello World.app"; sourceTree = BUILT_PRODUCTS_DIR; };
		4462339625DD67F800ACB638 /* AppDelegate.swift */ = {isa = PBXFileReference; lastKnownFileType = sourcecode.swift; path = AppDelegate.swift; sourceTree = "<group>"; };
		4462339825DD67F800ACB638 /* SceneDelegate.swift */ = {isa = PBXFileReference; lastKnownFileType = sourcecode.swift; path = SceneDelegate.swift; sourceTree = "<group>"; };
		4462339A25DD67F800ACB638 /* ViewController.swift */ = {isa = PBXFileReference; lastKnownFileType = sourcecode.swift; path = ViewController.swift; sourceTree = "<group>"; };
		4462339D25DD67F800ACB638 /* Base */ = {isa = PBXFileReference; lastKnownFileType = file.storyboard; name = Base; path = Base.lproj/Main.storyboard; sourceTree = "<group>"; };
		4462339F25DD67F900ACB638 /* Assets.xcassets */ = {isa = PBXFileReference; lastKnownFileType = folder.assetcatalog; path = Assets.xcassets; sourceTree = "<group>"; };
		446233A225DD67F900ACB638 /* Base */ = {isa = PBXFileReference; lastKnownFileType = file.storyboard; name = Base; path = Base.lproj/LaunchScreen.storyboard; sourceTree = "<group>"; };
		446233A425DD67F900ACB638 /* Info.plist */ = {isa = PBXFileReference; lastKnownFileType = text.plist.xml; path = Info.plist; sourceTree = "<group>"; };
		446233A925DD67F900ACB638 /* Hello WorldTests.xctest */ = {isa = PBXFileReference; explicitFileType = wrapper.cfbundle; includeInIndex = 0; path = "Hello WorldTests.xctest"; sourceTree = BUILT_PRODUCTS_DIR; };
		446233AD25DD67F900ACB638 /* Hello_WorldTests.swift */ = {isa = PBXFileReference; lastKnownFileType = sourcecode.swift; path = Hello_WorldTests.swift; sourceTree = "<group>"; };
		446233AF25DD67F900ACB638 /* Info.plist */ = {isa = PBXFileReference; lastKnownFileType = text.plist.xml; path = Info.plist; sourceTree = "<group>"; };
		446233B425DD67F900ACB638 /* Hello WorldUITests.xctest */ = {isa = PBXFileReference; explicitFileType = wrapper.cfbundle; includeInIndex = 0; path = "Hello WorldUITests.xctest"; sourceTree = BUILT_PRODUCTS_DIR; };
		446233B825DD67F900ACB638 /* Hello_WorldUITests.swift */ = {isa = PBXFileReference; lastKnownFileType = sourcecode.swift; path = Hello_WorldUITests.swift; sourceTree = "<group>"; };
		446233BA25DD67F900ACB638 /* Info.plist */ = {isa = PBXFileReference; lastKnownFileType = text.plist.xml; path = Info.plist; sourceTree = "<group>"; };
/* End PBXFileReference section */

/* Begin PBXFrameworksBuildPhase section */
		4462339025DD67F800ACB638 /* Frameworks */ = {
			isa = PBXFrameworksBuildPhase;
			buildActionMask = 2147483647;
			files = (
			);
			runOnlyForDeploymentPostprocessing = 0;
		};
		446233A625DD67F900ACB638 /* Frameworks */ = {
			isa = PBXFrameworksBuildPhase;
			buildActionMask = 2147483647;
			files = (
			);
			runOnlyForDeploymentPostprocessing = 0;
		};
		446233B125DD67F900ACB638 /* Frameworks */ = {
			isa = PBXFrameworksBuildPhase;
			buildActionMask = 2147483647;
			files = (
			);
			runOnlyForDeploymentPostprocessing = 0;
		};
/* End PBXFrameworksBuildPhase section */

/* Begin PBXGroup section */
		4462338A25DD67F800ACB638 = {
			isa = PBXGroup;
			children = (
				4462339525DD67F800ACB638 /* Hello World */,
				446233AC25DD67F900ACB638 /* Hello WorldTests */,
				446233B725DD67F900ACB638 /* Hello WorldUITests */,
				4462339425DD67F800ACB638 /* Products */,
			);
			sourceTree = "<group>";
		};
		4462339425DD67F800ACB638 /* Products */ = {
			isa = PBXGroup;
			children = (
				4462339325DD67F800ACB638 /* Hello World.app */,
				446233A925DD67F900ACB638 /* Hello WorldTests.xctest */,
				446233B425DD67F900ACB638 /* Hello WorldUITests.xctest */,
			);
			name = Products;
			sourceTree = "<group>";
		};
		4462339525DD67F800ACB638 /* Hello World */ = {
			isa = PBXGroup;
			children = (
				4462339625DD67F800ACB638 /* AppDelegate.swift */,
				4462339825DD67F800ACB638 /* SceneDelegate.swift */,
				4462339A25DD67F800ACB638 /* ViewController.swift */,
				4462339C25DD67F800ACB638 /* Main.storyboard */,
				4462339F25DD67F900ACB638 /* Assets.xcassets */,
				446233A125DD67F900ACB638 /* LaunchScreen.storyboard */,
				446233A425DD67F900ACB638 /* Info.plist */,
			);
			path = "Hello World";
			sourceTree = "<group>";
		};
		446233AC25DD67F900ACB638 /* Hello WorldTests */ = {
			isa = PBXGroup;
			children = (
				446233AD25DD67F900ACB638 /* Hello_WorldTests.swift */,
				446233AF25DD67F900ACB638 /* Info.plist */,
			);
			path = "Hello WorldTests";
			sourceTree = "<group>";
		};
		446233B725DD67F900ACB638 /* Hello WorldUITests */ = {
			isa = PBXGroup;
			children = (
				446233B825DD67F900ACB638 /* Hello_WorldUITests.swift */,
				446233BA25DD67F900ACB638 /* Info.plist */,
			);
			path = "Hello WorldUITests";
			sourceTree = "<group>";
		};
/* End PBXGroup section */

/* Begin PBXNativeTarget section */
		4462339225DD67F800ACB638 /* Hello World */ = {
			isa = PBXNativeTarget;
			buildConfigurationList = 446233BD25DD67F900ACB638 /* Build configuration list for PBXNativeTarget "Hello World" */;
			buildPhases = (
				4462338F25DD67F800ACB638 /* Sources */,
				4462339025DD67F800ACB638 /* Frameworks */,
				4462339125DD67F800ACB638 /* Resources */,
			);
			buildRules = (
			);
			dependencies = (
			);
			name = "Hello World";
			productName = "Hello World";
			productReference = 4462339325DD67F800ACB638 /* Hello World.app */;
			productType = "com.apple.product-type.application";
		};
		446233A825DD67F900ACB638 /* Hello WorldTests */ = {
			isa = PBXNativeTarget;
			buildConfigurationList = 446233C025DD67F900ACB638 /* Build configuration list for PBXNativeTarget "Hello WorldTests" */;
			buildPhases = (
				446233A525DD67F900ACB638 /* Sources */,
				446233A625DD67F900ACB638 /* Frameworks */,
				446233A725DD67F900ACB638 /* Resources */,
			);
			buildRules = (
			);
			dependencies = (
				446233AB25DD67F900ACB638 /* PBXTargetDependency */,
			);
			name = "Hello WorldTests";
			productName = "Hello WorldTests";
			productReference = 446233A925DD67F900ACB638 /* Hello WorldTests.xctest */;
			productType = "com.apple.product-type.bundle.unit-test";
		};
		446233B325DD67F900ACB638 /* Hello WorldUITests */ = {
			isa = PBXNativeTarget;
			buildConfigurationList = 446233C325DD67F900ACB638 /* Build configuration list for PBXNativeTarget "Hello WorldUITests" */;
			buildPhases = (
				446233B025DD67F900ACB638 /* Sources */,
				446233B125DD67F900ACB638 /* Frameworks */,
				446233B225DD67F900ACB638 /* Resources */,
			);
			buildRules = (
			);
			dependencies = (
				446233B625DD67F900ACB638 /* PBXTargetDependency */,
			);
			name = "Hello WorldUITests";
			productName = "Hello WorldUITests";
			productReference = 446233B425DD67F900ACB638 /* Hello WorldUITests.xctest */;
			productType = "com.apple.product-type.bundle.ui-testing";
		};
/* End PBXNativeTarget section */

/* Begin PBXProject section */
		4462338B25DD67F800ACB638 /* Project object */ = {
			isa = PBXProject;
			attributes = {
				LastSwiftUpdateCheck = 1120;
				LastUpgradeCheck = 1120;
				ORGANIZATIONNAME = "Colin Quelle";
				TargetAttributes = {
					4462339225DD67F800ACB638 = {
						CreatedOnToolsVersion = 11.2.1;
					};
					446233A825DD67F900ACB638 = {
						CreatedOnToolsVersion = 11.2.1;
						TestTargetID = 4462339225DD67F800ACB638;
					};
					446233B325DD67F900ACB638 = {
						CreatedOnToolsVersion = 11.2.1;
						TestTargetID = 4462339225DD67F800ACB638;
					};
				};
			};
			buildConfigurationList = 4462338E25DD67F800ACB638 /* Build configuration list for PBXProject "Hello World" */;
			compatibilityVersion = "Xcode 9.3";
			developmentRegion = en;
			hasScannedForEncodings = 0;
			knownRegions = (
				en,
				Base,
			);
			mainGroup = 4462338A25DD67F800ACB638;
			productRefGroup = 4462339425DD67F800ACB638 /* Products */;
			projectDirPath = "";
			projectRoot = "";
			targets = (
				4462339225DD67F800ACB638 /* Hello World */,
				446233A825DD67F900ACB638 /* Hello WorldTests */,
				446233B325DD67F900ACB638 /* Hello WorldUITests */,
			);
		};
/* End PBXProject section */

/* Begin PBXResourcesBuildPhase section */
		4462339125DD67F800ACB638 /* Resources */ = {
			isa = PBXResourcesBuildPhase;
			buildActionMask = 2147483647;
			files = (
				446233A325DD67F900ACB638 /* LaunchScreen.storyboard in Resources */,
				446233A025DD67F900ACB638 /* Assets.xcassets in Resources */,
				4462339E25DD67F800ACB638 /* Main.storyboard in Resources */,
			);
			runOnlyForDeploymentPostprocessing = 0;
		};
		446233A725DD67F900ACB638 /* Resources */ = {
			isa = PBXResourcesBuildPhase;
			buildActionMask = 2147483647;
			files = (
			);
			runOnlyForDeploymentPostprocessing = 0;
		};
		446233B225DD67F900ACB638 /* Resources */ = {
			isa = PBXResourcesBuildPhase;
			buildActionMask = 2147483647;
			files = (
			);
			runOnlyForDeploymentPostprocessing = 0;
		};
/* End PBXResourcesBuildPhase section */

/* Begin PBXSourcesBuildPhase section */
		4462338F25DD67F800ACB638 /* Sources */ = {
			isa = PBXSourcesBuildPhase;
			buildActionMask = 2147483647;
			files = (
				4462339B25DD67F800ACB638 /* ViewController.swift in Sources */,
				4462339725DD67F800ACB638 /* AppDelegate.swift in Sources */,
				4462339925DD67F800ACB638 /* SceneDelegate.swift in Sources */,
			);
			runOnlyForDeploymentPostprocessing = 0;
		};
		446233A525DD67F900ACB638 /* Sources */ = {
			isa = PBXSourcesBuildPhase;
			buildActionMask = 2147483647;
			files = (
				446233AE25DD67F900ACB638 /* Hello_WorldTests.swift in Sources */,
			);
			runOnlyForDeploymentPostprocessing = 0;
		};
		446233B025DD67F900ACB638 /* Sources */ = {
			isa = PBXSourcesBuildPhase;
			buildActionMask = 2147483647;
			files = (
				446233B925DD67F900ACB638 /* Hello_WorldUITests.swift in Sources */,
			);
			runOnlyForDeploymentPostprocessing = 0;
		};
/* End PBXSourcesBuildPhase section */

/* Begin PBXTargetDependency section */
		446233AB25DD67F900ACB638 /* PBXTargetDependency */ = {
			isa = PBXTargetDependency;
			target = 4462339225DD67F800ACB638 /* Hello World */;
			targetProxy = 446233AA25DD67F900ACB638 /* PBXContainerItemProxy */;
		};
		446233B625DD67F900ACB638 /* PBXTargetDependency */ = {
			isa = PBXTargetDependency;
			target = 4462339225DD67F800ACB638 /* Hello World */;
			targetProxy = 446233B525DD67F900ACB638 /* PBXContainerItemProxy */;
		};
/* End PBXTargetDependency section */

/* Begin PBXVariantGroup section */
		4462339C25DD67F800ACB638 /* Main.storyboard */ = {
			isa = PBXVariantGroup;
			children = (
				4462339D25DD67F800ACB638 /* Base */,
			);
			name = Main.storyboard;
			sourceTree = "<group>";
		};
		446233A125DD67F900ACB638 /* LaunchScreen.storyboard */ = {
			isa = PBXVariantGroup;
			children = (
				446233A225DD67F900ACB638 /* Base */,
			);
			name = LaunchScreen.storyboard;
			sourceTree = "<group>";
		};
/* End PBXVariantGroup section */

/* Begin XCBuildConfiguration section */
		446233BB25DD67F900ACB638 /* Debug */ = {
			isa = XCBuildConfiguration;
			buildSettings = {
				ALWAYS_SEARCH_USER_PATHS = NO;
				CLANG_ANALYZER_NONNULL = YES;
				CLANG_ANALYZER_NUMBER_OBJECT_CONVERSION = YES_AGGRESSIVE;
				CLANG_CXX_LANGUAGE_STANDARD = "gnu++14";
				CLANG_CXX_LIBRARY = "libc++";
				CLANG_ENABLE_MODULES = YES;
				CLANG_ENABLE_OBJC_ARC = YES;
				CLANG_ENABLE_OBJC_WEAK = YES;
				CLANG_WARN_BLOCK_CAPTURE_AUTORELEASING = YES;
				CLANG_WARN_BOOL_CONVERSION = YES;
				CLANG_WARN_COMMA = YES;
				CLANG_WARN_CONSTANT_CONVERSION = YES;
				CLANG_WARN_DEPRECATED_OBJC_IMPLEMENTATIONS = YES;
				CLANG_WARN_DIRECT_OBJC_ISA_USAGE = YES_ERROR;
				CLANG_WARN_DOCUMENTATION_COMMENTS = YES;
				CLANG_WARN_EMPTY_BODY = YES;
				CLANG_WARN_ENUM_CONVERSION = YES;
				CLANG_WARN_INFINITE_RECURSION = YES;
				CLANG_WARN_INT_CONVERSION = YES;
				CLANG_WARN_NON_LITERAL_NULL_CONVERSION = YES;
				CLANG_WARN_OBJC_IMPLICIT_RETAIN_SELF = YES;
				CLANG_WARN_OBJC_LITERAL_CONVERSION = YES;
				CLANG_WARN_OBJC_ROOT_CLASS = YES_ERROR;
				CLANG_WARN_RANGE_LOOP_ANALYSIS = YES;
				CLANG_WARN_STRICT_PROTOTYPES = YES;
				CLANG_WARN_SUSPICIOUS_MOVE = YES;
				CLANG_WARN_UNGUARDED_AVAILABILITY = YES_AGGRESSIVE;
				CLANG_WARN_UNREACHABLE_CODE = YES;
				CLANG_WARN__DUPLICATE_METHOD_MATCH = YES;
				COPY_PHASE_STRIP = NO;
				DEBUG_INFORMATION_FORMAT = dwarf;
				ENABLE_STRICT_OBJC_MSGSEND = YES;
				ENABLE_TESTABILITY = YES;
				GCC_C_LANGUAGE_STANDARD = gnu11;
				GCC_DYNAMIC_NO_PIC = NO;
				GCC_NO_COMMON_BLOCKS = YES;
				GCC_OPTIMIZATION_LEVEL = 0;
				GCC_PREPROCESSOR_DEFINITIONS = (
					"DEBUG=1",
					"$(inherited)",
				);
				GCC_WARN_64_TO_32_BIT_CONVERSION = YES;
				GCC_WARN_ABOUT_RETURN_TYPE = YES_ERROR;
				GCC_WARN_UNDECLARED_SELECTOR = YES;
				GCC_WARN_UNINITIALIZED_AUTOS = YES_AGGRESSIVE;
				GCC_WARN_UNUSED_FUNCTION = YES;
				GCC_WARN_UNUSED_VARIABLE = YES;
				IPHONEOS_DEPLOYMENT_TARGET = 13.2;
				MTL_ENABLE_DEBUG_INFO = INCLUDE_SOURCE;
				MTL_FAST_MATH = YES;
				ONLY_ACTIVE_ARCH = YES;
				SDKROOT = iphoneos;
				SWIFT_ACTIVE_COMPILATION_CONDITIONS = DEBUG;
				SWIFT_OPTIMIZATION_LEVEL = "-Onone";
			};
			name = Debug;
		};
		446233BC25DD67F900ACB638 /* Release */ = {
			isa = XCBuildConfiguration;
			buildSettings = {
				ALWAYS_SEARCH_USER_PATHS = NO;
				CLANG_ANALYZER_NONNULL = YES;
				CLANG_ANALYZER_NUMBER_OBJECT_CONVERSION = YES_AGGRESSIVE;
				CLANG_CXX_LANGUAGE_STANDARD = "gnu++14";
				CLANG_CXX_LIBRARY = "libc++";
				CLANG_ENABLE_MODULES = YES;
				CLANG_ENABLE_OBJC_ARC = YES;
				CLANG_ENABLE_OBJC_WEAK = YES;
				CLANG_WARN_BLOCK_CAPTURE_AUTORELEASING = YES;
				CLANG_WARN_BOOL_CONVERSION = YES;
				CLANG_WARN_COMMA = YES;
				CLANG_WARN_CONSTANT_CONVERSION = YES;
				CLANG_WARN_DEPRECATED_OBJC_IMPLEMENTATIONS = YES;
				CLANG_WARN_DIRECT_OBJC_ISA_USAGE = YES_ERROR;
				CLANG_WARN_DOCUMENTATION_COMMENTS = YES;
				CLANG_WARN_EMPTY_BODY = YES;
				CLANG_WARN_ENUM_CONVERSION = YES;
				CLANG_WARN_INFINITE_RECURSION = YES;
				CLANG_WARN_INT_CONVERSION = YES;
				CLANG_WARN_NON_LITERAL_NULL_CONVERSION = YES;
				CLANG_WARN_OBJC_IMPLICIT_RETAIN_SELF = YES;
				CLANG_WARN_OBJC_LITERAL_CONVERSION = YES;
				CLANG_WARN_OBJC_ROOT_CLASS = YES_ERROR;
				CLANG_WARN_RANGE_LOOP_ANALYSIS = YES;
				CLANG_WARN_STRICT_PROTOTYPES = YES;
				CLANG_WARN_SUSPICIOUS_MOVE = YES;
				CLANG_WARN_UNGUARDED_AVAILABILITY = YES_AGGRESSIVE;
				CLANG_WARN_UNREACHABLE_CODE = YES;
				CLANG_WARN__DUPLICATE_METHOD_MATCH = YES;
				COPY_PHASE_STRIP = NO;
				DEBUG_INFORMATION_FORMAT = "dwarf-with-dsym";
				ENABLE_NS_ASSERTIONS = NO;
				ENABLE_STRICT_OBJC_MSGSEND = YES;
				GCC_C_LANGUAGE_STANDARD = gnu11;
				GCC_NO_COMMON_BLOCKS = YES;
				GCC_WARN_64_TO_32_BIT_CONVERSION = YES;
				GCC_WARN_ABOUT_RETURN_TYPE = YES_ERROR;
				GCC_WARN_UNDECLARED_SELECTOR = YES;
				GCC_WARN_UNINITIALIZED_AUTOS = YES_AGGRESSIVE;
				GCC_WARN_UNUSED_FUNCTION = YES;
				GCC_WARN_UNUSED_VARIABLE = YES;
				IPHONEOS_DEPLOYMENT_TARGET = 13.2;
				MTL_ENABLE_DEBUG_INFO = NO;
				MTL_FAST_MATH = YES;
				SDKROOT = iphoneos;
				SWIFT_COMPILATION_MODE = wholemodule;
				SWIFT_OPTIMIZATION_LEVEL = "-O";
				VALIDATE_PRODUCT = YES;
			};
			name = Release;
		};
		446233BE25DD67F900ACB638 /* Debug */ = {
			isa = XCBuildConfiguration;
			buildSettings = {
				ASSETCATALOG_COMPILER_APPICON_NAME = AppIcon;
				CODE_SIGN_STYLE = Automatic;
				INFOPLIST_FILE = "Hello World/Info.plist";
				LD_RUNPATH_SEARCH_PATHS = (
					"$(inherited)",
					"@executable_path/Frameworks",
				);
				PRODUCT_BUNDLE_IDENTIFIER = "com.ColinQuelle.Hello-World";
				PRODUCT_NAME = "$(TARGET_NAME)";
				SWIFT_VERSION = 5.0;
				TARGETED_DEVICE_FAMILY = "1,2";
			};
			name = Debug;
		};
		446233BF25DD67F900ACB638 /* Release */ = {
			isa = XCBuildConfiguration;
			buildSettings = {
				ASSETCATALOG_COMPILER_APPICON_NAME = AppIcon;
				CODE_SIGN_STYLE = Automatic;
				INFOPLIST_FILE = "Hello World/Info.plist";
				LD_RUNPATH_SEARCH_PATHS = (
					"$(inherited)",
					"@executable_path/Frameworks",
				);
				PRODUCT_BUNDLE_IDENTIFIER = "com.ColinQuelle.Hello-World";
				PRODUCT_NAME = "$(TARGET_NAME)";
				SWIFT_VERSION = 5.0;
				TARGETED_DEVICE_FAMILY = "1,2";
			};
			name = Release;
		};
		446233C125DD67F900ACB638 /* Debug */ = {
			isa = XCBuildConfiguration;
			buildSettings = {
				ALWAYS_EMBED_SWIFT_STANDARD_LIBRARIES = YES;
				BUNDLE_LOADER = "$(TEST_HOST)";
				CODE_SIGN_STYLE = Automatic;
				INFOPLIST_FILE = "Hello WorldTests/Info.plist";
				IPHONEOS_DEPLOYMENT_TARGET = 13.2;
				LD_RUNPATH_SEARCH_PATHS = (
					"$(inherited)",
					"@executable_path/Frameworks",
					"@loader_path/Frameworks",
				);
				PRODUCT_BUNDLE_IDENTIFIER = "com.ColinQuelle.Hello-WorldTests";
				PRODUCT_NAME = "$(TARGET_NAME)";
				SWIFT_VERSION = 5.0;
				TARGETED_DEVICE_FAMILY = "1,2";
				TEST_HOST = "$(BUILT_PRODUCTS_DIR)/Hello World.app/Hello World";
			};
			name = Debug;
		};
		446233C225DD67F900ACB638 /* Release */ = {
			isa = XCBuildConfiguration;
			buildSettings = {
				ALWAYS_EMBED_SWIFT_STANDARD_LIBRARIES = YES;
				BUNDLE_LOADER = "$(TEST_HOST)";
				CODE_SIGN_STYLE = Automatic;
				INFOPLIST_FILE = "Hello WorldTests/Info.plist";
				IPHONEOS_DEPLOYMENT_TARGET = 13.2;
				LD_RUNPATH_SEARCH_PATHS = (
					"$(inherited)",
					"@executable_path/Frameworks",
					"@loader_path/Frameworks",
				);
				PRODUCT_BUNDLE_IDENTIFIER = "com.ColinQuelle.Hello-WorldTests";
				PRODUCT_NAME = "$(TARGET_NAME)";
				SWIFT_VERSION = 5.0;
				TARGETED_DEVICE_FAMILY = "1,2";
				TEST_HOST = "$(BUILT_PRODUCTS_DIR)/Hello World.app/Hello World";
			};
			name = Release;
		};
		446233C425DD67F900ACB638 /* Debug */ = {
			isa = XCBuildConfiguration;
			buildSettings = {
				ALWAYS_EMBED_SWIFT_STANDARD_LIBRARIES = YES;
				CODE_SIGN_STYLE = Automatic;
				INFOPLIST_FILE = "Hello WorldUITests/Info.plist";
				LD_RUNPATH_SEARCH_PATHS = (
					"$(inherited)",
					"@executable_path/Frameworks",
					"@loader_path/Frameworks",
				);
				PRODUCT_BUNDLE_IDENTIFIER = "com.ColinQuelle.Hello-WorldUITests";
				PRODUCT_NAME = "$(TARGET_NAME)";
				SWIFT_VERSION = 5.0;
				TARGETED_DEVICE_FAMILY = "1,2";
				TEST_TARGET_NAME = "Hello World";
			};
			name = Debug;
		};
		446233C525DD67F900ACB638 /* Release */ = {
			isa = XCBuildConfiguration;
			buildSettings = {
				ALWAYS_EMBED_SWIFT_STANDARD_LIBRARIES = YES;
				CODE_SIGN_STYLE = Automatic;
				INFOPLIST_FILE = "Hello WorldUITests/Info.plist";
				LD_RUNPATH_SEARCH_PATHS = (
					"$(inherited)",
					"@executable_path/Frameworks",
					"@loader_path/Frameworks",
				);
				PRODUCT_BUNDLE_IDENTIFIER = "com.ColinQuelle.Hello-WorldUITests";
				PRODUCT_NAME = "$(TARGET_NAME)";
				SWIFT_VERSION = 5.0;
				TARGETED_DEVICE_FAMILY = "1,2";
				TEST_TARGET_NAME = "Hello World";
			};
			name = Release;
		};
/* End XCBuildConfiguration section */

/* Begin XCConfigurationList section */
		4462338E25DD67F800ACB638 /* Build configuration list for PBXProject "Hello World" */ = {
			isa = XCConfigurationList;
			buildConfigurations = (
				446233BB25DD67F900ACB638 /* Debug */,
				446233BC25DD67F900ACB638 /* Release */,
			);
			defaultConfigurationIsVisible = 0;
			defaultConfigurationName = Release;
		};
		446233BD25DD67F900ACB638 /* Build configuration list for PBXNativeTarget "Hello World" */ = {
			isa = XCConfigurationList;
			buildConfigurations = (
				446233BE25DD67F900ACB638 /* Debug */,
				446233BF25DD67F900ACB638 /* Release */,
			);
			defaultConfigurationIsVisible = 0;
			defaultConfigurationName = Release;
		};
		446233C025DD67F900ACB638 /* Build configuration list for PBXNativeTarget "Hello WorldTests" */ = {
			isa = XCConfigurationList;
			buildConfigurations = (
				446233C125DD67F900ACB638 /* Debug */,
				446233C225DD67F900ACB638 /* Release */,
			);
			defaultConfigurationIsVisible = 0;
			defaultConfigurationName = Release;
		};
		446233C325DD67F900ACB638 /* Build configuration list for PBXNativeTarget "Hello WorldUITests" */ = {
			isa = XCConfigurationList;
			buildConfigurations = (
				446233C425DD67F900ACB638 /* Debug */,
				446233C525DD67F900ACB638 /* Release */,
			);
			defaultConfigurationIsVisible = 0;
			defaultConfigurationName = Release;
		};
/* End XCConfigurationList section */
	};
	rootObject = 4462338B25DD67F800ACB638 /* Project object */;
}
